{
  "object": {
    "pins": [
      {
        "package": "Base58",
        "repositoryURL": "https://github.com/anquii/Base58.git",
        "state": {
          "branch": null,
          "revision": "7e4a1e4e6813c750ed2f9e80a0494c608eebb2ca",
          "version": "1.0.1"
        }
      },
      {
        "package": "Base58Check",
        "repositoryURL": "https://github.com/anquii/Base58Check.git",
        "state": {
          "branch": null,
          "revision": "f35a770ff7f3fd553cc44057f492c0107cc7b481",
          "version": "1.0.1"
        }
      },
      {
        "package": "BigInt",
        "repositoryURL": "https://github.com/attaswift/BigInt.git",
        "state": {
          "branch": null,
          "revision": "0ed110f7555c34ff468e72e1686e59721f2b0da6",
          "version": "5.3.0"
        }
      },
      {
        "package": "CryptoSwiftWrapper",
        "repositoryURL": "https://github.com/anquii/CryptoSwiftWrapper.git",
        "state": {
          "branch": null,
          "revision": "0d57e806de368b5d2364fabb7c789b48661ec90c",
          "version": "1.4.3"
        }
      },
      {
        "package": "MCLSwiftWrapper",
        "repositoryURL": "https://github.com/anquii/MCLSwiftWrapper.git",
        "state": {
          "branch": null,
          "revision": "930124008ae3c156de3e73eb8c5748c6d5a482c6",
          "version": "1.61.0"
        }
      }
    ]
  },
  "version": 1
}
